// !$*UTF8*$!
{
	archiveVersion = 1;
	classes = {
	};
	objectVersion = 46;
	objects = {

/* Begin PBXBuildFile section */
		040E1C1B16CC335300E8B2F9 /* cardBack_red_54x64.png in Resources */ = {isa = PBXBuildFile; fileRef = 040E1C1916CC335300E8B2F9 /* cardBack_red_54x64.png */; };
		040E1C1C16CC335300E8B2F9 /* cardBack_red_108x128.png in Resources */ = {isa = PBXBuildFile; fileRef = 040E1C1A16CC335300E8B2F9 /* cardBack_red_108x128.png */; };
		040E1C1E16CC392E00E8B2F9 /* deckback.png in Resources */ = {isa = PBXBuildFile; fileRef = 040E1C1D16CC392E00E8B2F9 /* deckback.png */; };
		0463AD4A16CA883400A638E4 /* CardMatchingGame.m in Sources */ = {isa = PBXBuildFile; fileRef = 0463AD4916CA883400A638E4 /* CardMatchingGame.m */; };
		04ADE42D16C8F53D002E6EFC /* UIKit.framework in Frameworks */ = {isa = PBXBuildFile; fileRef = 04ADE42C16C8F53D002E6EFC /* UIKit.framework */; };
		04ADE42F16C8F53D002E6EFC /* Foundation.framework in Frameworks */ = {isa = PBXBuildFile; fileRef = 04ADE42E16C8F53D002E6EFC /* Foundation.framework */; };
		04ADE43116C8F53D002E6EFC /* CoreGraphics.framework in Frameworks */ = {isa = PBXBuildFile; fileRef = 04ADE43016C8F53D002E6EFC /* CoreGraphics.framework */; };
		04ADE43716C8F53D002E6EFC /* InfoPlist.strings in Resources */ = {isa = PBXBuildFile; fileRef = 04ADE43516C8F53D002E6EFC /* InfoPlist.strings */; };
		04ADE43916C8F53D002E6EFC /* main.m in Sources */ = {isa = PBXBuildFile; fileRef = 04ADE43816C8F53D002E6EFC /* main.m */; };
		04ADE43D16C8F53D002E6EFC /* CardGameAppDelegate.m in Sources */ = {isa = PBXBuildFile; fileRef = 04ADE43C16C8F53D002E6EFC /* CardGameAppDelegate.m */; };
		04ADE43F16C8F53D002E6EFC /* Default.png in Resources */ = {isa = PBXBuildFile; fileRef = 04ADE43E16C8F53D002E6EFC /* Default.png */; };
		04ADE44116C8F53D002E6EFC /* Default@2x.png in Resources */ = {isa = PBXBuildFile; fileRef = 04ADE44016C8F53D002E6EFC /* Default@2x.png */; };
		04ADE44316C8F53D002E6EFC /* Default-568h@2x.png in Resources */ = {isa = PBXBuildFile; fileRef = 04ADE44216C8F53D002E6EFC /* Default-568h@2x.png */; };
		04ADE44616C8F53D002E6EFC /* MainStoryboard.storyboard in Resources */ = {isa = PBXBuildFile; fileRef = 04ADE44416C8F53D002E6EFC /* MainStoryboard.storyboard */; };
		04ADE44916C8F53D002E6EFC /* CardGameViewController.m in Sources */ = {isa = PBXBuildFile; fileRef = 04ADE44816C8F53D002E6EFC /* CardGameViewController.m */; };
		04ADE45216C8F679002E6EFC /* Card.m in Sources */ = {isa = PBXBuildFile; fileRef = 04ADE45116C8F679002E6EFC /* Card.m */; };
		04ADE45816C8F9B1002E6EFC /* Deck.m in Sources */ = {isa = PBXBuildFile; fileRef = 04ADE45716C8F9B1002E6EFC /* Deck.m */; };
		04ADE45B16C8FAE7002E6EFC /* PlayingCard.m in Sources */ = {isa = PBXBuildFile; fileRef = 04ADE45A16C8FAE7002E6EFC /* PlayingCard.m */; };
		04ADE45E16C8FDD5002E6EFC /* PlayingCardDeck.m in Sources */ = {isa = PBXBuildFile; fileRef = 04ADE45D16C8FDD5002E6EFC /* PlayingCardDeck.m */; };
/* End PBXBuildFile section */

/* Begin PBXFileReference section */
		040E1C1916CC335300E8B2F9 /* cardBack_red_54x64.png */ = {isa = PBXFileReference; lastKnownFileType = image.png; path = cardBack_red_54x64.png; sourceTree = "<group>"; };
		040E1C1A16CC335300E8B2F9 /* cardBack_red_108x128.png */ = {isa = PBXFileReference; lastKnownFileType = image.png; path = cardBack_red_108x128.png; sourceTree = "<group>"; };
		040E1C1D16CC392E00E8B2F9 /* deckback.png */ = {isa = PBXFileReference; lastKnownFileType = image.png; path = deckback.png; sourceTree = "<group>"; };
		0463AD4816CA883400A638E4 /* CardMatchingGame.h */ = {isa = PBXFileReference; fileEncoding = 4; lastKnownFileType = sourcecode.c.h; path = CardMatchingGame.h; sourceTree = "<group>"; };
		0463AD4916CA883400A638E4 /* CardMatchingGame.m */ = {isa = PBXFileReference; fileEncoding = 4; lastKnownFileType = sourcecode.c.objc; path = CardMatchingGame.m; sourceTree = "<group>"; };
		04ADE42916C8F53D002E6EFC /* Matchismo.app */ = {isa = PBXFileReference; explicitFileType = wrapper.application; includeInIndex = 0; path = Matchismo.app; sourceTree = BUILT_PRODUCTS_DIR; };
		04ADE42C16C8F53D002E6EFC /* UIKit.framework */ = {isa = PBXFileReference; lastKnownFileType = wrapper.framework; name = UIKit.framework; path = System/Library/Frameworks/UIKit.framework; sourceTree = SDKROOT; };
		04ADE42E16C8F53D002E6EFC /* Foundation.framework */ = {isa = PBXFileReference; lastKnownFileType = wrapper.framework; name = Foundation.framework; path = System/Library/Frameworks/Foundation.framework; sourceTree = SDKROOT; };
		04ADE43016C8F53D002E6EFC /* CoreGraphics.framework */ = {isa = PBXFileReference; lastKnownFileType = wrapper.framework; name = CoreGraphics.framework; path = System/Library/Frameworks/CoreGraphics.framework; sourceTree = SDKROOT; };
		04ADE43416C8F53D002E6EFC /* Matchismo-Info.plist */ = {isa = PBXFileReference; lastKnownFileType = text.plist.xml; path = "Matchismo-Info.plist"; sourceTree = "<group>"; };
		04ADE43616C8F53D002E6EFC /* en */ = {isa = PBXFileReference; lastKnownFileType = text.plist.strings; name = en; path = en.lproj/InfoPlist.strings; sourceTree = "<group>"; };
		04ADE43816C8F53D002E6EFC /* main.m */ = {isa = PBXFileReference; lastKnownFileType = sourcecode.c.objc; path = main.m; sourceTree = "<group>"; };
		04ADE43A16C8F53D002E6EFC /* Matchismo-Prefix.pch */ = {isa = PBXFileReference; lastKnownFileType = sourcecode.c.h; path = "Matchismo-Prefix.pch"; sourceTree = "<group>"; };
		04ADE43B16C8F53D002E6EFC /* CardGameAppDelegate.h */ = {isa = PBXFileReference; lastKnownFileType = sourcecode.c.h; path = CardGameAppDelegate.h; sourceTree = "<group>"; };
		04ADE43C16C8F53D002E6EFC /* CardGameAppDelegate.m */ = {isa = PBXFileReference; lastKnownFileType = sourcecode.c.objc; path = CardGameAppDelegate.m; sourceTree = "<group>"; };
		04ADE43E16C8F53D002E6EFC /* Default.png */ = {isa = PBXFileReference; lastKnownFileType = image.png; path = Default.png; sourceTree = "<group>"; };
		04ADE44016C8F53D002E6EFC /* Default@2x.png */ = {isa = PBXFileReference; lastKnownFileType = image.png; path = "Default@2x.png"; sourceTree = "<group>"; };
		04ADE44216C8F53D002E6EFC /* Default-568h@2x.png */ = {isa = PBXFileReference; lastKnownFileType = image.png; path = "Default-568h@2x.png"; sourceTree = "<group>"; };
		04ADE44516C8F53D002E6EFC /* en */ = {isa = PBXFileReference; lastKnownFileType = file.storyboard; name = en; path = en.lproj/MainStoryboard.storyboard; sourceTree = "<group>"; };
		04ADE44716C8F53D002E6EFC /* CardGameViewController.h */ = {isa = PBXFileReference; lastKnownFileType = sourcecode.c.h; path = CardGameViewController.h; sourceTree = "<group>"; };
		04ADE44816C8F53D002E6EFC /* CardGameViewController.m */ = {isa = PBXFileReference; lastKnownFileType = sourcecode.c.objc; path = CardGameViewController.m; sourceTree = "<group>"; };
		04ADE45016C8F679002E6EFC /* Card.h */ = {isa = PBXFileReference; fileEncoding = 4; lastKnownFileType = sourcecode.c.h; path = Card.h; sourceTree = "<group>"; };
		04ADE45116C8F679002E6EFC /* Card.m */ = {isa = PBXFileReference; fileEncoding = 4; lastKnownFileType = sourcecode.c.objc; path = Card.m; sourceTree = "<group>"; };
		04ADE45616C8F9B1002E6EFC /* Deck.h */ = {isa = PBXFileReference; fileEncoding = 4; lastKnownFileType = sourcecode.c.h; path = Deck.h; sourceTree = "<group>"; };
		04ADE45716C8F9B1002E6EFC /* Deck.m */ = {isa = PBXFileReference; fileEncoding = 4; lastKnownFileType = sourcecode.c.objc; path = Deck.m; sourceTree = "<group>"; };
		04ADE45916C8FAE7002E6EFC /* PlayingCard.h */ = {isa = PBXFileReference; fileEncoding = 4; lastKnownFileType = sourcecode.c.h; path = PlayingCard.h; sourceTree = "<group>"; };
		04ADE45A16C8FAE7002E6EFC /* PlayingCard.m */ = {isa = PBXFileReference; fileEncoding = 4; lastKnownFileType = sourcecode.c.objc; path = PlayingCard.m; sourceTree = "<group>"; };
		04ADE45C16C8FDD5002E6EFC /* PlayingCardDeck.h */ = {isa = PBXFileReference; fileEncoding = 4; lastKnownFileType = sourcecode.c.h; path = PlayingCardDeck.h; sourceTree = "<group>"; };
		04ADE45D16C8FDD5002E6EFC /* PlayingCardDeck.m */ = {isa = PBXFileReference; fileEncoding = 4; lastKnownFileType = sourcecode.c.objc; path = PlayingCardDeck.m; sourceTree = "<group>"; };
/* End PBXFileReference section */

/* Begin PBXFrameworksBuildPhase section */
		04ADE42616C8F53D002E6EFC /* Frameworks */ = {
			isa = PBXFrameworksBuildPhase;
			buildActionMask = 2147483647;
			files = (
				04ADE42D16C8F53D002E6EFC /* UIKit.framework in Frameworks */,
				04ADE42F16C8F53D002E6EFC /* Foundation.framework in Frameworks */,
				04ADE43116C8F53D002E6EFC /* CoreGraphics.framework in Frameworks */,
			);
			runOnlyForDeploymentPostprocessing = 0;
		};
/* End PBXFrameworksBuildPhase section */

/* Begin PBXGroup section */
		04ADE42016C8F53D002E6EFC = {
			isa = PBXGroup;
			children = (
				04ADE43216C8F53D002E6EFC /* Matchismo */,
				04ADE42B16C8F53D002E6EFC /* Frameworks */,
				04ADE42A16C8F53D002E6EFC /* Products */,
			);
			sourceTree = "<group>";
		};
		04ADE42A16C8F53D002E6EFC /* Products */ = {
			isa = PBXGroup;
			children = (
				04ADE42916C8F53D002E6EFC /* Matchismo.app */,
			);
			name = Products;
			sourceTree = "<group>";
		};
		04ADE42B16C8F53D002E6EFC /* Frameworks */ = {
			isa = PBXGroup;
			children = (
				04ADE42C16C8F53D002E6EFC /* UIKit.framework */,
				04ADE42E16C8F53D002E6EFC /* Foundation.framework */,
				04ADE43016C8F53D002E6EFC /* CoreGraphics.framework */,
			);
			name = Frameworks;
			sourceTree = "<group>";
		};
		04ADE43216C8F53D002E6EFC /* Matchismo */ = {
			isa = PBXGroup;
			children = (
				04ADE45316C8F68F002E6EFC /* Models */,
				04ADE45516C8F6DB002E6EFC /* Views */,
				04ADE45416C8F6AB002E6EFC /* Controllers */,
				04ADE43316C8F53D002E6EFC /* Supporting Files */,
			);
			path = Matchismo;
			sourceTree = "<group>";
		};
		04ADE43316C8F53D002E6EFC /* Supporting Files */ = {
			isa = PBXGroup;
			children = (
				040E1C1D16CC392E00E8B2F9 /* deckback.png */,
				040E1C1916CC335300E8B2F9 /* cardBack_red_54x64.png */,
				040E1C1A16CC335300E8B2F9 /* cardBack_red_108x128.png */,
				04ADE43B16C8F53D002E6EFC /* CardGameAppDelegate.h */,
				04ADE43C16C8F53D002E6EFC /* CardGameAppDelegate.m */,
				04ADE43416C8F53D002E6EFC /* Matchismo-Info.plist */,
				04ADE43516C8F53D002E6EFC /* InfoPlist.strings */,
				04ADE43816C8F53D002E6EFC /* main.m */,
				04ADE43A16C8F53D002E6EFC /* Matchismo-Prefix.pch */,
				04ADE43E16C8F53D002E6EFC /* Default.png */,
				04ADE44016C8F53D002E6EFC /* Default@2x.png */,
				04ADE44216C8F53D002E6EFC /* Default-568h@2x.png */,
			);
			name = "Supporting Files";
			sourceTree = "<group>";
		};
		04ADE45316C8F68F002E6EFC /* Models */ = {
			isa = PBXGroup;
			children = (
				0463AD4816CA883400A638E4 /* CardMatchingGame.h */,
				0463AD4916CA883400A638E4 /* CardMatchingGame.m */,
				04ADE45016C8F679002E6EFC /* Card.h */,
				04ADE45116C8F679002E6EFC /* Card.m */,
				04ADE45616C8F9B1002E6EFC /* Deck.h */,
				04ADE45716C8F9B1002E6EFC /* Deck.m */,
				04ADE45916C8FAE7002E6EFC /* PlayingCard.h */,
				04ADE45A16C8FAE7002E6EFC /* PlayingCard.m */,
				04ADE45C16C8FDD5002E6EFC /* PlayingCardDeck.h */,
				04ADE45D16C8FDD5002E6EFC /* PlayingCardDeck.m */,
			);
			name = Models;
			sourceTree = "<group>";
		};
		04ADE45416C8F6AB002E6EFC /* Controllers */ = {
			isa = PBXGroup;
			children = (
				04ADE44716C8F53D002E6EFC /* CardGameViewController.h */,
				04ADE44816C8F53D002E6EFC /* CardGameViewController.m */,
			);
			name = Controllers;
			sourceTree = "<group>";
		};
		04ADE45516C8F6DB002E6EFC /* Views */ = {
			isa = PBXGroup;
			children = (
				04ADE44416C8F53D002E6EFC /* MainStoryboard.storyboard */,
			);
			name = Views;
			sourceTree = "<group>";
		};
/* End PBXGroup section */

/* Begin PBXNativeTarget section */
		04ADE42816C8F53D002E6EFC /* Matchismo */ = {
			isa = PBXNativeTarget;
			buildConfigurationList = 04ADE44C16C8F53D002E6EFC /* Build configuration list for PBXNativeTarget "Matchismo" */;
			buildPhases = (
				04ADE42516C8F53D002E6EFC /* Sources */,
				04ADE42616C8F53D002E6EFC /* Frameworks */,
				04ADE42716C8F53D002E6EFC /* Resources */,
			);
			buildRules = (
			);
			dependencies = (
			);
			name = Matchismo;
			productName = Matchismo;
			productReference = 04ADE42916C8F53D002E6EFC /* Matchismo.app */;
			productType = "com.apple.product-type.application";
		};
/* End PBXNativeTarget section */

/* Begin PBXProject section */
		04ADE42116C8F53D002E6EFC /* Project object */ = {
			isa = PBXProject;
			attributes = {
				CLASSPREFIX = CardGame;
				LastUpgradeCheck = 0460;
				ORGANIZATIONNAME = CS193p;
			};
			buildConfigurationList = 04ADE42416C8F53D002E6EFC /* Build configuration list for PBXProject "Matchismo" */;
			compatibilityVersion = "Xcode 3.2";
			developmentRegion = English;
			hasScannedForEncodings = 0;
			knownRegions = (
				en,
			);
			mainGroup = 04ADE42016C8F53D002E6EFC;
			productRefGroup = 04ADE42A16C8F53D002E6EFC /* Products */;
			projectDirPath = "";
			projectRoot = "";
			targets = (
				04ADE42816C8F53D002E6EFC /* Matchismo */,
			);
		};
/* End PBXProject section */

/* Begin PBXResourcesBuildPhase section */
		04ADE42716C8F53D002E6EFC /* Resources */ = {
			isa = PBXResourcesBuildPhase;
			buildActionMask = 2147483647;
			files = (
				04ADE43716C8F53D002E6EFC /* InfoPlist.strings in Resources */,
				04ADE43F16C8F53D002E6EFC /* Default.png in Resources */,
				04ADE44116C8F53D002E6EFC /* Default@2x.png in Resources */,
				04ADE44316C8F53D002E6EFC /* Default-568h@2x.png in Resources */,
				04ADE44616C8F53D002E6EFC /* MainStoryboard.storyboard in Resources */,
				040E1C1B16CC335300E8B2F9 /* cardBack_red_54x64.png in Resources */,
				040E1C1C16CC335300E8B2F9 /* cardBack_red_108x128.png in Resources */,
				040E1C1E16CC392E00E8B2F9 /* deckback.png in Resources */,
			);
			runOnlyForDeploymentPostprocessing = 0;
		};
/* End PBXResourcesBuildPhase section */

/* Begin PBXSourcesBuildPhase section */
		04ADE42516C8F53D002E6EFC /* Sources */ = {
			isa = PBXSourcesBuildPhase;
			buildActionMask = 2147483647;
			files = (
				04ADE43916C8F53D002E6EFC /* main.m in Sources */,
				04ADE43D16C8F53D002E6EFC /* CardGameAppDelegate.m in Sources */,
				04ADE44916C8F53D002E6EFC /* CardGameViewController.m in Sources */,
				04ADE45216C8F679002E6EFC /* Card.m in Sources */,
				04ADE45816C8F9B1002E6EFC /* Deck.m in Sources */,
				04ADE45B16C8FAE7002E6EFC /* PlayingCard.m in Sources */,
				04ADE45E16C8FDD5002E6EFC /* PlayingCardDeck.m in Sources */,
				0463AD4A16CA883400A638E4 /* CardMatchingGame.m in Sources */,
			);
			runOnlyForDeploymentPostprocessing = 0;
		};
/* End PBXSourcesBuildPhase section */

/* Begin PBXVariantGroup section */
		04ADE43516C8F53D002E6EFC /* InfoPlist.strings */ = {
			isa = PBXVariantGroup;
			children = (
				04ADE43616C8F53D002E6EFC /* en */,
			);
			name = InfoPlist.strings;
			sourceTree = "<group>";
		};
		04ADE44416C8F53D002E6EFC /* MainStoryboard.storyboard */ = {
			isa = PBXVariantGroup;
			children = (
				04ADE44516C8F53D002E6EFC /* en */,
			);
			name = MainStoryboard.storyboard;
			sourceTree = "<group>";
		};
/* End PBXVariantGroup section */

/* Begin XCBuildConfiguration section */
		04ADE44A16C8F53D002E6EFC /* Debug */ = {
			isa = XCBuildConfiguration;
			buildSettings = {
				ALWAYS_SEARCH_USER_PATHS = NO;
				CLANG_CXX_LANGUAGE_STANDARD = "gnu++0x";
				CLANG_CXX_LIBRARY = "libc++";
				CLANG_ENABLE_OBJC_ARC = YES;
				CLANG_WARN_CONSTANT_CONVERSION = YES;
				CLANG_WARN_EMPTY_BODY = YES;
				CLANG_WARN_ENUM_CONVERSION = YES;
				CLANG_WARN_INT_CONVERSION = YES;
				CLANG_WARN__DUPLICATE_METHOD_MATCH = YES;
				"CODE_SIGN_IDENTITY[sdk=iphoneos*]" = "iPhone Developer";
				COPY_PHASE_STRIP = NO;
				GCC_C_LANGUAGE_STANDARD = gnu99;
				GCC_DYNAMIC_NO_PIC = NO;
				GCC_OPTIMIZATION_LEVEL = 0;
				GCC_PREPROCESSOR_DEFINITIONS = (
					"DEBUG=1",
					"$(inherited)",
				);
				GCC_SYMBOLS_PRIVATE_EXTERN = NO;
				GCC_WARN_ABOUT_RETURN_TYPE = YES;
				GCC_WARN_UNINITIALIZED_AUTOS = YES;
				GCC_WARN_UNUSED_VARIABLE = YES;
				IPHONEOS_DEPLOYMENT_TARGET = 6.1;
				ONLY_ACTIVE_ARCH = YES;
				SDKROOT = iphoneos;
			};
			name = Debug;
		};
		04ADE44B16C8F53D002E6EFC /* Release */ = {
			isa = XCBuildConfiguration;
			buildSettings = {
				ALWAYS_SEARCH_USER_PATHS = NO;
				CLANG_CXX_LANGUAGE_STANDARD = "gnu++0x";
				CLANG_CXX_LIBRARY = "libc++";
				CLANG_ENABLE_OBJC_ARC = YES;
				CLANG_WARN_CONSTANT_CONVERSION = YES;
				CLANG_WARN_EMPTY_BODY = YES;
				CLANG_WARN_ENUM_CONVERSION = YES;
				CLANG_WARN_INT_CONVERSION = YES;
				CLANG_WARN__DUPLICATE_METHOD_MATCH = YES;
				"CODE_SIGN_IDENTITY[sdk=iphoneos*]" = "iPhone Developer";
				COPY_PHASE_STRIP = YES;
				GCC_C_LANGUAGE_STANDARD = gnu99;
				GCC_WARN_ABOUT_RETURN_TYPE = YES;
				GCC_WARN_UNINITIALIZED_AUTOS = YES;
				GCC_WARN_UNUSED_VARIABLE = YES;
				IPHONEOS_DEPLOYMENT_TARGET = 6.1;
				OTHER_CFLAGS = "-DNS_BLOCK_ASSERTIONS=1";
				SDKROOT = iphoneos;
				VALIDATE_PRODUCT = YES;
			};
			name = Release;
		};
		04ADE44D16C8F53D002E6EFC /* Debug */ = {
			isa = XCBuildConfiguration;
			buildSettings = {
				GCC_PRECOMPILE_PREFIX_HEADER = YES;
				GCC_PREFIX_HEADER = "Matchismo/Matchismo-Prefix.pch";
				INFOPLIST_FILE = "Matchismo/Matchismo-Info.plist";
				PRODUCT_NAME = "$(TARGET_NAME)";
				WRAPPER_EXTENSION = app;
			};
			name = Debug;
		};
		04ADE44E16C8F53D002E6EFC /* Release */ = {
			isa = XCBuildConfiguration;
			buildSettings = {
				GCC_PRECOMPILE_PREFIX_HEADER = YES;
				GCC_PREFIX_HEADER = "Matchismo/Matchismo-Prefix.pch";
				INFOPLIST_FILE = "Matchismo/Matchismo-Info.plist";
				PRODUCT_NAME = "$(TARGET_NAME)";
				WRAPPER_EXTENSION = app;
			};
			name = Release;
		};
/* End XCBuildConfiguration section */

/* Begin XCConfigurationList section */
		04ADE42416C8F53D002E6EFC /* Build configuration list for PBXProject "Matchismo" */ = {
			isa = XCConfigurationList;
			buildConfigurations = (
				04ADE44A16C8F53D002E6EFC /* Debug */,
				04ADE44B16C8F53D002E6EFC /* Release */,
			);
			defaultConfigurationIsVisible = 0;
			defaultConfigurationName = Release;
		};
		04ADE44C16C8F53D002E6EFC /* Build configuration list for PBXNativeTarget "Matchismo" */ = {
			isa = XCConfigurationList;
			buildConfigurations = (
				04ADE44D16C8F53D002E6EFC /* Debug */,
				04ADE44E16C8F53D002E6EFC /* Release */,
			);
			defaultConfigurationIsVisible = 0;
			defaultConfigurationName = Release;
		};
/* End XCConfigurationList section */
	};
	rootObject = 04ADE42116C8F53D002E6EFC /* Project object */;
}
